
Microsoft Visual Studio Solution File, Format Version 12.00
# Visual Studio 15
VisualStudioVersion = 15.0.27004.2002
MinimumVisualStudioVersion = 10.0.40219.1
Project("{9A19103F-16F7-4668-BE54-9A1E7A4F7556}") = "UserAuthentication", "UserAuthenticator\UserAuthentication.csproj", "{19AE8485-7AF9-4E29-8BDC-933F6BA1E63C}"
EndProject
Project("{FAE04EC0-301F-11D3-BF4B-00C04F79EFBC}") = "ConsoleApp2", "ConsoleApp2\ConsoleApp2.csproj", "{6D0D9174-A590-4648-B131-28EF87248F76}"
EndProject
Project("{FAE04EC0-301F-11D3-BF4B-00C04F79EFBC}") = "UserAuthentication.Tests", "UserAuthentication.Unit.Tests\UserAuthentication.Tests.csproj", "{99C6F4ED-B02B-4BB4-A419-887CB3BCB710}"
EndProject
Project("{FAE04EC0-301F-11D3-BF4B-00C04F79EFBC}") = "UserAuthentication.Store.Database", "UserAuthentication.Store.Database\UserAuthentication.Store.Database.csproj", "{60F4A72B-C2D2-45B4-A491-0D0A8F2E9B37}"
EndProject
Project("{FAE04EC0-301F-11D3-BF4B-00C04F79EFBC}") = "UserAuthentication.Messages", "ClassLibrary1\UserAuthentication.Messages.csproj", "{D8513D86-D4AC-4DA5-A850-F0DF78D8158C}"
EndProject
Global
	GlobalSection(SolutionConfigurationPlatforms) = preSolution
		Debug|Any CPU = Debug|Any CPU
		Release|Any CPU = Release|Any CPU
	EndGlobalSection
	GlobalSection(ProjectConfigurationPlatforms) = postSolution
		{19AE8485-7AF9-4E29-8BDC-933F6BA1E63C}.Debug|Any CPU.ActiveCfg = Debug|Any CPU
		{19AE8485-7AF9-4E29-8BDC-933F6BA1E63C}.Debug|Any CPU.Build.0 = Debug|Any CPU
		{19AE8485-7AF9-4E29-8BDC-933F6BA1E63C}.Release|Any CPU.ActiveCfg = Release|Any CPU
		{19AE8485-7AF9-4E29-8BDC-933F6BA1E63C}.Release|Any CPU.Build.0 = Release|Any CPU
		{6D0D9174-A590-4648-B131-28EF87248F76}.Debug|Any CPU.ActiveCfg = Debug|Any CPU
		{6D0D9174-A590-4648-B131-28EF87248F76}.Debug|Any CPU.Build.0 = Debug|Any CPU
		{6D0D9174-A590-4648-B131-28EF87248F76}.Release|Any CPU.ActiveCfg = Release|Any CPU
		{6D0D9174-A590-4648-B131-28EF87248F76}.Release|Any CPU.Build.0 = Release|Any CPU
		{99C6F4ED-B02B-4BB4-A419-887CB3BCB710}.Debug|Any CPU.ActiveCfg = Debug|Any CPU
		{99C6F4ED-B02B-4BB4-A419-887CB3BCB710}.Debug|Any CPU.Build.0 = Debug|Any CPU
		{99C6F4ED-B02B-4BB4-A419-887CB3BCB710}.Release|Any CPU.ActiveCfg = Release|Any CPU
		{99C6F4ED-B02B-4BB4-A419-887CB3BCB710}.Release|Any CPU.Build.0 = Release|Any CPU
		{60F4A72B-C2D2-45B4-A491-0D0A8F2E9B37}.Debug|Any CPU.ActiveCfg = Debug|Any CPU
		{60F4A72B-C2D2-45B4-A491-0D0A8F2E9B37}.Debug|Any CPU.Build.0 = Debug|Any CPU
		{60F4A72B-C2D2-45B4-A491-0D0A8F2E9B37}.Release|Any CPU.ActiveCfg = Release|Any CPU
		{60F4A72B-C2D2-45B4-A491-0D0A8F2E9B37}.Release|Any CPU.Build.0 = Release|Any CPU
		{D8513D86-D4AC-4DA5-A850-F0DF78D8158C}.Debug|Any CPU.ActiveCfg = Debug|Any CPU
		{D8513D86-D4AC-4DA5-A850-F0DF78D8158C}.Debug|Any CPU.Build.0 = Debug|Any CPU
		{D8513D86-D4AC-4DA5-A850-F0DF78D8158C}.Release|Any CPU.ActiveCfg = Release|Any CPU
		{D8513D86-D4AC-4DA5-A850-F0DF78D8158C}.Release|Any CPU.Build.0 = Release|Any CPU
	EndGlobalSection
	GlobalSection(SolutionProperties) = preSolution
		HideSolutionNode = FALSE
	EndGlobalSection
	GlobalSection(ExtensibilityGlobals) = postSolution
		SolutionGuid = {79F92B8A-3CBF-4970-8C9A-B93A5B1BF6BD}
	EndGlobalSection
EndGlobal
